# This file is automatically @generated by Cargo.
# It is not intended for manual editing.
version = 4

[[package]]
name = "horyzond"
version = "0.1.0"
dependencies = [
 "wm-backend",
 "wm-backend-headless",
 "wm-config",
 "wm-diagnostics",
 "wm-render",
 "wm-types",
]

[[package]]
name = "wm-backend"
version = "0.1.0"
dependencies = [
 "wm-types",
]

[[package]]
name = "wm-backend-headless"
version = "0.1.0"
dependencies = [
 "wm-backend",
 "wm-types",
]

[[package]]
name = "wm-config"
version = "0.1.0"

[[package]]
name = "wm-diagnostics"
version = "0.1.0"

[[package]]
name = "wm-render"
version = "0.1.0"
dependencies = [
 "wm-types",
]

[[package]]
name = "wm-types"
version = "0.1.0"
